
Microsoft Visual Studio Solution File, Format Version 12.00
# Visual Studio 15
VisualStudioVersion = 15.0.27130.2036
MinimumVisualStudioVersion = 10.0.40219.1
Project("{9A19103F-16F7-4668-BE54-9A1E7A4F7556}") = "lyc.xuming.studio.api", "lyc.xuming.studio.api.csproj", "{F88158A8-E2C1-4081-8274-0BDD13A04365}"
EndProject
Global
	GlobalSection(SolutionConfigurationPlatforms) = preSolution
		Debug|Any CPU = Debug|Any CPU
		Release|Any CPU = Release|Any CPU
	EndGlobalSection
	GlobalSection(ProjectConfigurationPlatforms) = postSolution
		{F88158A8-E2C1-4081-8274-0BDD13A04365}.Debug|Any CPU.ActiveCfg = Debug|Any CPU
		{F88158A8-E2C1-4081-8274-0BDD13A04365}.Debug|Any CPU.Build.0 = Debug|Any CPU
		{F88158A8-E2C1-4081-8274-0BDD13A04365}.Release|Any CPU.ActiveCfg = Release|Any CPU
		{F88158A8-E2C1-4081-8274-0BDD13A04365}.Release|Any CPU.Build.0 = Release|Any CPU
	EndGlobalSection
	GlobalSection(SolutionProperties) = preSolution
		HideSolutionNode = FALSE
	EndGlobalSection
	GlobalSection(ExtensibilityGlobals) = postSolution
		SolutionGuid = {BE969800-B0C1-47A8-8DB1-77504CD5B003}
	EndGlobalSection
EndGlobal
